
Microsoft Visual Studio Solution File, Format Version 12.00
# Visual Studio Version 16
VisualStudioVersion = 16.0.29728.190
MinimumVisualStudioVersion = 10.0.40219.1
Project("{FAE04EC0-301F-11D3-BF4B-00C04F79EFBC}") = "Test.SimpleUDP.Client", "Test.SimpleUDP.Client\Test.SimpleUDP.Client.csproj", "{CC792C0C-F0CE-4DD2-AFEC-FE3BFA036865}"
EndProject
Project("{FAE04EC0-301F-11D3-BF4B-00C04F79EFBC}") = "Test.SimpleUDP.Server", "Test.SimpleUDP.Server\Test.SimpleUDP.Server.csproj", "{8866672C-239C-4D3B-98C5-75268BE4A4D1}"
EndProject
Project("{FAE04EC0-301F-11D3-BF4B-00C04F79EFBC}") = "Test.SimpleUDP.Shared", "Test.SimpleUDP.Shared\Test.SimpleUDP.Shared.csproj", "{D9943B9C-4FDD-4874-84A5-FEC150DF3866}"
EndProject
Global
	GlobalSection(SolutionConfigurationPlatforms) = preSolution
		Debug|Any CPU = Debug|Any CPU
		Release|Any CPU = Release|Any CPU
	EndGlobalSection
	GlobalSection(ProjectConfigurationPlatforms) = postSolution
		{CC792C0C-F0CE-4DD2-AFEC-FE3BFA036865}.Debug|Any CPU.ActiveCfg = Debug|Any CPU
		{CC792C0C-F0CE-4DD2-AFEC-FE3BFA036865}.Debug|Any CPU.Build.0 = Debug|Any CPU
		{CC792C0C-F0CE-4DD2-AFEC-FE3BFA036865}.Release|Any CPU.ActiveCfg = Release|Any CPU
		{CC792C0C-F0CE-4DD2-AFEC-FE3BFA036865}.Release|Any CPU.Build.0 = Release|Any CPU
		{8866672C-239C-4D3B-98C5-75268BE4A4D1}.Debug|Any CPU.ActiveCfg = Debug|Any CPU
		{8866672C-239C-4D3B-98C5-75268BE4A4D1}.Debug|Any CPU.Build.0 = Debug|Any CPU
		{8866672C-239C-4D3B-98C5-75268BE4A4D1}.Release|Any CPU.ActiveCfg = Release|Any CPU
		{8866672C-239C-4D3B-98C5-75268BE4A4D1}.Release|Any CPU.Build.0 = Release|Any CPU
		{D9943B9C-4FDD-4874-84A5-FEC150DF3866}.Debug|Any CPU.ActiveCfg = Debug|Any CPU
		{D9943B9C-4FDD-4874-84A5-FEC150DF3866}.Debug|Any CPU.Build.0 = Debug|Any CPU
		{D9943B9C-4FDD-4874-84A5-FEC150DF3866}.Release|Any CPU.ActiveCfg = Release|Any CPU
		{D9943B9C-4FDD-4874-84A5-FEC150DF3866}.Release|Any CPU.Build.0 = Release|Any CPU
	EndGlobalSection
	GlobalSection(SolutionProperties) = preSolution
		HideSolutionNode = FALSE
	EndGlobalSection
	GlobalSection(ExtensibilityGlobals) = postSolution
		SolutionGuid = {1AF197DB-342A-4A8D-9495-3E4B9AC38A13}
	EndGlobalSection
EndGlobal
